
Microsoft Visual Studio Solution File, Format Version 12.00
# Visual Studio Version 16
VisualStudioVersion = 16.0.31313.79
MinimumVisualStudioVersion = 10.0.40219.1
Project("{FAE04EC0-301F-11D3-BF4B-00C04F79EFBC}") = "ls-subsplits-ui", "ls-subsplits-ui.csproj", "{720C8056-AAB9-402E-841A-23486F63EA37}"
EndProject
Global
	GlobalSection(SolutionConfigurationPlatforms) = preSolution
		Debug|Any CPU = Debug|Any CPU
		Release|Any CPU = Release|Any CPU
	EndGlobalSection
	GlobalSection(ProjectConfigurationPlatforms) = postSolution
		{720C8056-AAB9-402E-841A-23486F63EA37}.Debug|Any CPU.ActiveCfg = Debug|Any CPU
		{720C8056-AAB9-402E-841A-23486F63EA37}.Debug|Any CPU.Build.0 = Debug|Any CPU
		{720C8056-AAB9-402E-841A-23486F63EA37}.Release|Any CPU.ActiveCfg = Release|Any CPU
		{720C8056-AAB9-402E-841A-23486F63EA37}.Release|Any CPU.Build.0 = Release|Any CPU
	EndGlobalSection
	GlobalSection(SolutionProperties) = preSolution
		HideSolutionNode = FALSE
	EndGlobalSection
	GlobalSection(ExtensibilityGlobals) = postSolution
		SolutionGuid = {259BCA8F-B327-460B-86CE-9CFCB7836C7F}
	EndGlobalSection
EndGlobal
